
Microsoft Visual Studio Solution File, Format Version 12.00
# Visual Studio Version 17
VisualStudioVersion = 17.4.33110.190
MinimumVisualStudioVersion = 10.0.40219.1
Project("{FAE04EC0-301F-11D3-BF4B-00C04F79EFBC}") = "book_control_tab_app", "book_control_tab_app\book_control_tab_app.csproj", "{D16A159B-2AF0-46EC-A797-150E3F72C92B}"
EndProject
Global
	GlobalSection(SolutionConfigurationPlatforms) = preSolution
		Debug|Any CPU = Debug|Any CPU
		Release|Any CPU = Release|Any CPU
	EndGlobalSection
	GlobalSection(ProjectConfigurationPlatforms) = postSolution
		{D16A159B-2AF0-46EC-A797-150E3F72C92B}.Debug|Any CPU.ActiveCfg = Debug|Any CPU
		{D16A159B-2AF0-46EC-A797-150E3F72C92B}.Debug|Any CPU.Build.0 = Debug|Any CPU
		{D16A159B-2AF0-46EC-A797-150E3F72C92B}.Release|Any CPU.ActiveCfg = Release|Any CPU
		{D16A159B-2AF0-46EC-A797-150E3F72C92B}.Release|Any CPU.Build.0 = Release|Any CPU
	EndGlobalSection
	GlobalSection(SolutionProperties) = preSolution
		HideSolutionNode = FALSE
	EndGlobalSection
	GlobalSection(ExtensibilityGlobals) = postSolution
		SolutionGuid = {6A1759D4-3A6F-42DC-B37E-DDFB97DED1C6}
	EndGlobalSection
EndGlobal
